
Microsoft Visual Studio Solution File, Format Version 12.00
# Visual Studio Version 17
VisualStudioVersion = 17.6.33815.320
MinimumVisualStudioVersion = 10.0.40219.1
Project("{FAE04EC0-301F-11D3-BF4B-00C04F79EFBC}") = "Monogame (#1)", "Monogame (#1).csproj", "{72A62E2C-A969-4FF7-84A3-290D467188DC}"
EndProject
Global
	GlobalSection(SolutionConfigurationPlatforms) = preSolution
		Debug|Any CPU = Debug|Any CPU
		Release|Any CPU = Release|Any CPU
	EndGlobalSection
	GlobalSection(ProjectConfigurationPlatforms) = postSolution
		{72A62E2C-A969-4FF7-84A3-290D467188DC}.Debug|Any CPU.ActiveCfg = Debug|Any CPU
		{72A62E2C-A969-4FF7-84A3-290D467188DC}.Debug|Any CPU.Build.0 = Debug|Any CPU
		{72A62E2C-A969-4FF7-84A3-290D467188DC}.Release|Any CPU.ActiveCfg = Release|Any CPU
		{72A62E2C-A969-4FF7-84A3-290D467188DC}.Release|Any CPU.Build.0 = Release|Any CPU
	EndGlobalSection
	GlobalSection(SolutionProperties) = preSolution
		HideSolutionNode = FALSE
	EndGlobalSection
	GlobalSection(ExtensibilityGlobals) = postSolution
		SolutionGuid = {32CA8336-A4B6-4693-8793-C54CEEF94589}
	EndGlobalSection
EndGlobal
